
Microsoft Visual Studio Solution File, Format Version 12.00
# Visual Studio Version 16
VisualStudioVersion = 16.0.31729.503
MinimumVisualStudioVersion = 10.0.40219.1
Project("{FAE04EC0-301F-11D3-BF4B-00C04F79EFBC}") = "DevEdu_MyList", "DevEdu_MyList\DevEdu_MyList.csproj", "{146EB3B0-9BB8-4463-88DB-B8189D9DB3E1}"
EndProject
Global
	GlobalSection(SolutionConfigurationPlatforms) = preSolution
		Debug|Any CPU = Debug|Any CPU
		Release|Any CPU = Release|Any CPU
	EndGlobalSection
	GlobalSection(ProjectConfigurationPlatforms) = postSolution
		{146EB3B0-9BB8-4463-88DB-B8189D9DB3E1}.Debug|Any CPU.ActiveCfg = Debug|Any CPU
		{146EB3B0-9BB8-4463-88DB-B8189D9DB3E1}.Debug|Any CPU.Build.0 = Debug|Any CPU
		{146EB3B0-9BB8-4463-88DB-B8189D9DB3E1}.Release|Any CPU.ActiveCfg = Release|Any CPU
		{146EB3B0-9BB8-4463-88DB-B8189D9DB3E1}.Release|Any CPU.Build.0 = Release|Any CPU
	EndGlobalSection
	GlobalSection(SolutionProperties) = preSolution
		HideSolutionNode = FALSE
	EndGlobalSection
	GlobalSection(ExtensibilityGlobals) = postSolution
		SolutionGuid = {21F7C0AF-545E-42C6-9315-26819C612F12}
	EndGlobalSection
EndGlobal
